
Microsoft Visual Studio Solution File, Format Version 12.00
# Visual Studio Version 16
VisualStudioVersion = 16.0.30711.63
MinimumVisualStudioVersion = 10.0.40219.1
Project("{9A19103F-16F7-4668-BE54-9A1E7A4F7556}") = "Boiler.Auth", "Boiler.Auth\Boiler.Auth.csproj", "{10CB3F5A-281C-4FAD-9840-3D5D0D0191B7}"
EndProject
Project("{9A19103F-16F7-4668-BE54-9A1E7A4F7556}") = "Boiler.Api", "Boiler.Api\Boiler.Api.csproj", "{1AA0628E-A093-47EE-AEC4-3906FC1B393D}"
EndProject
Project("{2150E333-8FDC-42A3-9474-1A3956D46DE8}") = "Api", "Api", "{18CCA4B4-40E7-4D19-8776-8EF9095DDCC4}"
EndProject
Project("{2150E333-8FDC-42A3-9474-1A3956D46DE8}") = "Auth", "Auth", "{F04B0B9A-9281-4F27-8766-0D3E12593503}"
EndProject
Project("{9A19103F-16F7-4668-BE54-9A1E7A4F7556}") = "Boiler.Auth.Tests", "Boiler.Auth.Tests\Boiler.Auth.Tests.csproj", "{E5DFAC86-39CA-4B28-A4CD-B556CADBFD92}"
EndProject
Project("{2150E333-8FDC-42A3-9474-1A3956D46DE8}") = "Infrastructure", "Infrastructure", "{82446A3E-F06E-4B61-982C-8A594160201E}"
EndProject
Project("{9A19103F-16F7-4668-BE54-9A1E7A4F7556}") = "Boiler.Mail", "Boiler.Mail\Boiler.Mail.csproj", "{6429C5E8-24A6-403F-A8ED-7F65F0B87D38}"
EndProject
Project("{9A19103F-16F7-4668-BE54-9A1E7A4F7556}") = "Boiler.Mail.Tests", "Boiler.Mail.Tests\Boiler.Mail.Tests.csproj", "{4CC92186-5E25-4B49-A220-1B73C2309B8D}"
EndProject
Project("{9A19103F-16F7-4668-BE54-9A1E7A4F7556}") = "Boiler.Util", "Boiler.Util\Boiler.Util.csproj", "{E7ACC717-4B99-45C1-8F49-B1044C2E3334}"
EndProject
Project("{9A19103F-16F7-4668-BE54-9A1E7A4F7556}") = "Boiler.Util.Tests", "Boiler.Util.Tests\Boiler.Util.Tests.csproj", "{3FD719B2-378D-460E-96C5-D79B01B3349D}"
EndProject
Project("{FAE04EC0-301F-11D3-BF4B-00C04F79EFBC}") = "Boiler.Cache", "Boiler.Cache\Boiler.Cache.csproj", "{254DCD90-E098-4A40-B15A-865C6CED317D}"
EndProject
Project("{FAE04EC0-301F-11D3-BF4B-00C04F79EFBC}") = "Boiler.Live", "Boiler.Live\Boiler.Live.csproj", "{D7443B9A-21EF-4EB9-A902-7A072C0BB817}"
EndProject
Project("{9A19103F-16F7-4668-BE54-9A1E7A4F7556}") = "Boiler.Storage", "Boiler.Storage\Boiler.Storage.csproj", "{BA95E50B-63E3-4282-BF07-130C24485D47}"
EndProject
Global
	GlobalSection(SolutionConfigurationPlatforms) = preSolution
		Debug|Any CPU = Debug|Any CPU
		Release|Any CPU = Release|Any CPU
	EndGlobalSection
	GlobalSection(ProjectConfigurationPlatforms) = postSolution
		{10CB3F5A-281C-4FAD-9840-3D5D0D0191B7}.Debug|Any CPU.ActiveCfg = Debug|Any CPU
		{10CB3F5A-281C-4FAD-9840-3D5D0D0191B7}.Debug|Any CPU.Build.0 = Debug|Any CPU
		{10CB3F5A-281C-4FAD-9840-3D5D0D0191B7}.Release|Any CPU.ActiveCfg = Release|Any CPU
		{10CB3F5A-281C-4FAD-9840-3D5D0D0191B7}.Release|Any CPU.Build.0 = Release|Any CPU
		{1AA0628E-A093-47EE-AEC4-3906FC1B393D}.Debug|Any CPU.ActiveCfg = Debug|Any CPU
		{1AA0628E-A093-47EE-AEC4-3906FC1B393D}.Debug|Any CPU.Build.0 = Debug|Any CPU
		{1AA0628E-A093-47EE-AEC4-3906FC1B393D}.Release|Any CPU.ActiveCfg = Release|Any CPU
		{1AA0628E-A093-47EE-AEC4-3906FC1B393D}.Release|Any CPU.Build.0 = Release|Any CPU
		{E5DFAC86-39CA-4B28-A4CD-B556CADBFD92}.Debug|Any CPU.ActiveCfg = Debug|Any CPU
		{E5DFAC86-39CA-4B28-A4CD-B556CADBFD92}.Debug|Any CPU.Build.0 = Debug|Any CPU
		{E5DFAC86-39CA-4B28-A4CD-B556CADBFD92}.Release|Any CPU.ActiveCfg = Release|Any CPU
		{E5DFAC86-39CA-4B28-A4CD-B556CADBFD92}.Release|Any CPU.Build.0 = Release|Any CPU
		{6429C5E8-24A6-403F-A8ED-7F65F0B87D38}.Debug|Any CPU.ActiveCfg = Debug|Any CPU
		{6429C5E8-24A6-403F-A8ED-7F65F0B87D38}.Debug|Any CPU.Build.0 = Debug|Any CPU
		{6429C5E8-24A6-403F-A8ED-7F65F0B87D38}.Release|Any CPU.ActiveCfg = Release|Any CPU
		{6429C5E8-24A6-403F-A8ED-7F65F0B87D38}.Release|Any CPU.Build.0 = Release|Any CPU
		{4CC92186-5E25-4B49-A220-1B73C2309B8D}.Debug|Any CPU.ActiveCfg = Debug|Any CPU
		{4CC92186-5E25-4B49-A220-1B73C2309B8D}.Debug|Any CPU.Build.0 = Debug|Any CPU
		{4CC92186-5E25-4B49-A220-1B73C2309B8D}.Release|Any CPU.ActiveCfg = Release|Any CPU
		{4CC92186-5E25-4B49-A220-1B73C2309B8D}.Release|Any CPU.Build.0 = Release|Any CPU
		{E7ACC717-4B99-45C1-8F49-B1044C2E3334}.Debug|Any CPU.ActiveCfg = Debug|Any CPU
		{E7ACC717-4B99-45C1-8F49-B1044C2E3334}.Debug|Any CPU.Build.0 = Debug|Any CPU
		{E7ACC717-4B99-45C1-8F49-B1044C2E3334}.Release|Any CPU.ActiveCfg = Release|Any CPU
		{E7ACC717-4B99-45C1-8F49-B1044C2E3334}.Release|Any CPU.Build.0 = Release|Any CPU
		{3FD719B2-378D-460E-96C5-D79B01B3349D}.Debug|Any CPU.ActiveCfg = Debug|Any CPU
		{3FD719B2-378D-460E-96C5-D79B01B3349D}.Debug|Any CPU.Build.0 = Debug|Any CPU
		{3FD719B2-378D-460E-96C5-D79B01B3349D}.Release|Any CPU.ActiveCfg = Release|Any CPU
		{3FD719B2-378D-460E-96C5-D79B01B3349D}.Release|Any CPU.Build.0 = Release|Any CPU
		{254DCD90-E098-4A40-B15A-865C6CED317D}.Debug|Any CPU.ActiveCfg = Debug|Any CPU
		{254DCD90-E098-4A40-B15A-865C6CED317D}.Debug|Any CPU.Build.0 = Debug|Any CPU
		{254DCD90-E098-4A40-B15A-865C6CED317D}.Release|Any CPU.ActiveCfg = Release|Any CPU
		{254DCD90-E098-4A40-B15A-865C6CED317D}.Release|Any CPU.Build.0 = Release|Any CPU
		{D7443B9A-21EF-4EB9-A902-7A072C0BB817}.Debug|Any CPU.ActiveCfg = Debug|Any CPU
		{D7443B9A-21EF-4EB9-A902-7A072C0BB817}.Debug|Any CPU.Build.0 = Debug|Any CPU
		{D7443B9A-21EF-4EB9-A902-7A072C0BB817}.Release|Any CPU.ActiveCfg = Release|Any CPU
		{D7443B9A-21EF-4EB9-A902-7A072C0BB817}.Release|Any CPU.Build.0 = Release|Any CPU
		{BA95E50B-63E3-4282-BF07-130C24485D47}.Debug|Any CPU.ActiveCfg = Debug|Any CPU
		{BA95E50B-63E3-4282-BF07-130C24485D47}.Debug|Any CPU.Build.0 = Debug|Any CPU
		{BA95E50B-63E3-4282-BF07-130C24485D47}.Release|Any CPU.ActiveCfg = Release|Any CPU
		{BA95E50B-63E3-4282-BF07-130C24485D47}.Release|Any CPU.Build.0 = Release|Any CPU
	EndGlobalSection
	GlobalSection(SolutionProperties) = preSolution
		HideSolutionNode = FALSE
	EndGlobalSection
	GlobalSection(NestedProjects) = preSolution
		{10CB3F5A-281C-4FAD-9840-3D5D0D0191B7} = {F04B0B9A-9281-4F27-8766-0D3E12593503}
		{1AA0628E-A093-47EE-AEC4-3906FC1B393D} = {18CCA4B4-40E7-4D19-8776-8EF9095DDCC4}
		{E5DFAC86-39CA-4B28-A4CD-B556CADBFD92} = {F04B0B9A-9281-4F27-8766-0D3E12593503}
		{6429C5E8-24A6-403F-A8ED-7F65F0B87D38} = {82446A3E-F06E-4B61-982C-8A594160201E}
		{4CC92186-5E25-4B49-A220-1B73C2309B8D} = {82446A3E-F06E-4B61-982C-8A594160201E}
		{E7ACC717-4B99-45C1-8F49-B1044C2E3334} = {82446A3E-F06E-4B61-982C-8A594160201E}
		{3FD719B2-378D-460E-96C5-D79B01B3349D} = {82446A3E-F06E-4B61-982C-8A594160201E}
		{254DCD90-E098-4A40-B15A-865C6CED317D} = {82446A3E-F06E-4B61-982C-8A594160201E}
		{D7443B9A-21EF-4EB9-A902-7A072C0BB817} = {82446A3E-F06E-4B61-982C-8A594160201E}
		{BA95E50B-63E3-4282-BF07-130C24485D47} = {82446A3E-F06E-4B61-982C-8A594160201E}
	EndGlobalSection
	GlobalSection(ExtensibilityGlobals) = postSolution
		SolutionGuid = {B0C3A8E0-12E3-4722-BCF5-63DCCAD1C9F6}
	EndGlobalSection
EndGlobal
